
Microsoft Visual Studio Solution File, Format Version 12.00
# Visual Studio Version 17
VisualStudioVersion = 17.13.35931.197 d17.13
MinimumVisualStudioVersion = 10.0.40219.1
Project("{FAE04EC0-301F-11D3-BF4B-00C04F79EFBC}") = "QtAPI2Beef", "QtAPI2Beef\QtAPI2Beef.csproj", "{EB0CDEAE-6F6E-41CD-9646-83B7D1C0CB9A}"
EndProject
Global
	GlobalSection(SolutionConfigurationPlatforms) = preSolution
		Debug|Any CPU = Debug|Any CPU
		Release|Any CPU = Release|Any CPU
	EndGlobalSection
	GlobalSection(ProjectConfigurationPlatforms) = postSolution
		{EB0CDEAE-6F6E-41CD-9646-83B7D1C0CB9A}.Debug|Any CPU.ActiveCfg = Debug|Any CPU
		{EB0CDEAE-6F6E-41CD-9646-83B7D1C0CB9A}.Debug|Any CPU.Build.0 = Debug|Any CPU
		{EB0CDEAE-6F6E-41CD-9646-83B7D1C0CB9A}.Release|Any CPU.ActiveCfg = Release|Any CPU
		{EB0CDEAE-6F6E-41CD-9646-83B7D1C0CB9A}.Release|Any CPU.Build.0 = Release|Any CPU
	EndGlobalSection
	GlobalSection(SolutionProperties) = preSolution
		HideSolutionNode = FALSE
	EndGlobalSection
	GlobalSection(ExtensibilityGlobals) = postSolution
		SolutionGuid = {172ED09E-BBEB-4786-9FEE-4D9D2F796735}
	EndGlobalSection
EndGlobal
